// !$*UTF8*$!
{
	archiveVersion = 1;
	classes = {
	};
	objectVersion = 55;
	objects = {

/* Begin PBXBuildFile section */
		E36DA97E27DDBC4F00EA9832 /* AppDelegate.swift in Sources */ = {isa = PBXBuildFile; fileRef = E36DA97D27DDBC4F00EA9832 /* AppDelegate.swift */; };
		E36DA98027DDBC4F00EA9832 /* SceneDelegate.swift in Sources */ = {isa = PBXBuildFile; fileRef = E36DA97F27DDBC4F00EA9832 /* SceneDelegate.swift */; };
		E36DA98227DDBC4F00EA9832 /* ViewController.swift in Sources */ = {isa = PBXBuildFile; fileRef = E36DA98127DDBC4F00EA9832 /* ViewController.swift */; };
		E36DA98527DDBC4F00EA9832 /* Main.storyboard in Resources */ = {isa = PBXBuildFile; fileRef = E36DA98327DDBC4F00EA9832 /* Main.storyboard */; };
		E36DA98727DDBC5000EA9832 /* Assets.xcassets in Resources */ = {isa = PBXBuildFile; fileRef = E36DA98627DDBC5000EA9832 /* Assets.xcassets */; };
		E36DA98A27DDBC5000EA9832 /* LaunchScreen.storyboard in Resources */ = {isa = PBXBuildFile; fileRef = E36DA98827DDBC5000EA9832 /* LaunchScreen.storyboard */; };
		E36DA99227DDC25600EA9832 /* DiaryCell.swift in Sources */ = {isa = PBXBuildFile; fileRef = E36DA99127DDC25600EA9832 /* DiaryCell.swift */; };
		E36DA99427DDC28F00EA9832 /* StarViewController.swift in Sources */ = {isa = PBXBuildFile; fileRef = E36DA99327DDC28F00EA9832 /* StarViewController.swift */; };
		E36DA99627DDC3DB00EA9832 /* StarCell.swift in Sources */ = {isa = PBXBuildFile; fileRef = E36DA99527DDC3DB00EA9832 /* StarCell.swift */; };
		E36DA99827DDC62F00EA9832 /* WriteDiaryViewController.swift in Sources */ = {isa = PBXBuildFile; fileRef = E36DA99727DDC62F00EA9832 /* WriteDiaryViewController.swift */; };
		E36DA99A27DDC9C700EA9832 /* DiaryDetailViewController.swift in Sources */ = {isa = PBXBuildFile; fileRef = E36DA99927DDC9C700EA9832 /* DiaryDetailViewController.swift */; };
		E36DA99C27DDDA5000EA9832 /* Diary.swift in Sources */ = {isa = PBXBuildFile; fileRef = E36DA99B27DDDA5000EA9832 /* Diary.swift */; };
/* End PBXBuildFile section */

/* Begin PBXFileReference section */
		E36DA97A27DDBC4F00EA9832 /* Diary.app */ = {isa = PBXFileReference; explicitFileType = wrapper.application; includeInIndex = 0; path = Diary.app; sourceTree = BUILT_PRODUCTS_DIR; };
		E36DA97D27DDBC4F00EA9832 /* AppDelegate.swift */ = {isa = PBXFileReference; lastKnownFileType = sourcecode.swift; path = AppDelegate.swift; sourceTree = "<group>"; };
		E36DA97F27DDBC4F00EA9832 /* SceneDelegate.swift */ = {isa = PBXFileReference; lastKnownFileType = sourcecode.swift; path = SceneDelegate.swift; sourceTree = "<group>"; };
		E36DA98127DDBC4F00EA9832 /* ViewController.swift */ = {isa = PBXFileReference; lastKnownFileType = sourcecode.swift; path = ViewController.swift; sourceTree = "<group>"; };
		E36DA98427DDBC4F00EA9832 /* Base */ = {isa = PBXFileReference; lastKnownFileType = file.storyboard; name = Base; path = Base.lproj/Main.storyboard; sourceTree = "<group>"; };
		E36DA98627DDBC5000EA9832 /* Assets.xcassets */ = {isa = PBXFileReference; lastKnownFileType = folder.assetcatalog; path = Assets.xcassets; sourceTree = "<group>"; };
		E36DA98927DDBC5000EA9832 /* Base */ = {isa = PBXFileReference; lastKnownFileType = file.storyboard; name = Base; path = Base.lproj/LaunchScreen.storyboard; sourceTree = "<group>"; };
		E36DA98B27DDBC5000EA9832 /* Info.plist */ = {isa = PBXFileReference; lastKnownFileType = text.plist.xml; path = Info.plist; sourceTree = "<group>"; };
		E36DA99127DDC25600EA9832 /* DiaryCell.swift */ = {isa = PBXFileReference; lastKnownFileType = sourcecode.swift; path = DiaryCell.swift; sourceTree = "<group>"; };
		E36DA99327DDC28F00EA9832 /* StarViewController.swift */ = {isa = PBXFileReference; lastKnownFileType = sourcecode.swift; path = StarViewController.swift; sourceTree = "<group>"; };
		E36DA99527DDC3DB00EA9832 /* StarCell.swift */ = {isa = PBXFileReference; lastKnownFileType = sourcecode.swift; path = StarCell.swift; sourceTree = "<group>"; };
		E36DA99727DDC62F00EA9832 /* WriteDiaryViewController.swift */ = {isa = PBXFileReference; lastKnownFileType = sourcecode.swift; path = WriteDiaryViewController.swift; sourceTree = "<group>"; };
		E36DA99927DDC9C700EA9832 /* DiaryDetailViewController.swift */ = {isa = PBXFileReference; lastKnownFileType = sourcecode.swift; path = DiaryDetailViewController.swift; sourceTree = "<group>"; };
		E36DA99B27DDDA5000EA9832 /* Diary.swift */ = {isa = PBXFileReference; lastKnownFileType = sourcecode.swift; path = Diary.swift; sourceTree = "<group>"; };
/* End PBXFileReference section */

/* Begin PBXFrameworksBuildPhase section */
		E36DA97727DDBC4F00EA9832 /* Frameworks */ = {
			isa = PBXFrameworksBuildPhase;
			buildActionMask = 2147483647;
			files = (
			);
			runOnlyForDeploymentPostprocessing = 0;
		};
/* End PBXFrameworksBuildPhase section */

/* Begin PBXGroup section */
		E36DA97127DDBC4F00EA9832 = {
			isa = PBXGroup;
			children = (
				E36DA97C27DDBC4F00EA9832 /* Diary */,
				E36DA97B27DDBC4F00EA9832 /* Products */,
			);
			sourceTree = "<group>";
		};
		E36DA97B27DDBC4F00EA9832 /* Products */ = {
			isa = PBXGroup;
			children = (
				E36DA97A27DDBC4F00EA9832 /* Diary.app */,
			);
			name = Products;
			sourceTree = "<group>";
		};
		E36DA97C27DDBC4F00EA9832 /* Diary */ = {
			isa = PBXGroup;
			children = (
				E36DA97D27DDBC4F00EA9832 /* AppDelegate.swift */,
				E36DA97F27DDBC4F00EA9832 /* SceneDelegate.swift */,
				E36DA98327DDBC4F00EA9832 /* Main.storyboard */,
				E36DA98127DDBC4F00EA9832 /* ViewController.swift */,
				E36DA99127DDC25600EA9832 /* DiaryCell.swift */,
				E36DA99927DDC9C700EA9832 /* DiaryDetailViewController.swift */,
				E36DA99727DDC62F00EA9832 /* WriteDiaryViewController.swift */,
				E36DA99327DDC28F00EA9832 /* StarViewController.swift */,
				E36DA99527DDC3DB00EA9832 /* StarCell.swift */,
				E36DA99B27DDDA5000EA9832 /* Diary.swift */,
				E36DA98627DDBC5000EA9832 /* Assets.xcassets */,
				E36DA98827DDBC5000EA9832 /* LaunchScreen.storyboard */,
				E36DA98B27DDBC5000EA9832 /* Info.plist */,
			);
			path = Diary;
			sourceTree = "<group>";
		};
/* End PBXGroup section */

/* Begin PBXNativeTarget section */
		E36DA97927DDBC4F00EA9832 /* Diary */ = {
			isa = PBXNativeTarget;
			buildConfigurationList = E36DA98E27DDBC5000EA9832 /* Build configuration list for PBXNativeTarget "Diary" */;
			buildPhases = (
				E36DA97627DDBC4F00EA9832 /* Sources */,
				E36DA97727DDBC4F00EA9832 /* Frameworks */,
				E36DA97827DDBC4F00EA9832 /* Resources */,
			);
			buildRules = (
			);
			dependencies = (
			);
			name = Diary;
			productName = Diary;
			productReference = E36DA97A27DDBC4F00EA9832 /* Diary.app */;
			productType = "com.apple.product-type.application";
		};
/* End PBXNativeTarget section */

/* Begin PBXProject section */
		E36DA97227DDBC4F00EA9832 /* Project object */ = {
			isa = PBXProject;
			attributes = {
				BuildIndependentTargetsInParallel = 1;
				LastSwiftUpdateCheck = 1320;
				LastUpgradeCheck = 1320;
				TargetAttributes = {
					E36DA97927DDBC4F00EA9832 = {
						CreatedOnToolsVersion = 13.2.1;
					};
				};
			};
			buildConfigurationList = E36DA97527DDBC4F00EA9832 /* Build configuration list for PBXProject "Diary" */;
			compatibilityVersion = "Xcode 13.0";
			developmentRegion = en;
			hasScannedForEncodings = 0;
			knownRegions = (
				en,
				Base,
			);
			mainGroup = E36DA97127DDBC4F00EA9832;
			productRefGroup = E36DA97B27DDBC4F00EA9832 /* Products */;
			projectDirPath = "";
			projectRoot = "";
			targets = (
				E36DA97927DDBC4F00EA9832 /* Diary */,
			);
		};
/* End PBXProject section */

/* Begin PBXResourcesBuildPhase section */
		E36DA97827DDBC4F00EA9832 /* Resources */ = {
			isa = PBXResourcesBuildPhase;
			buildActionMask = 2147483647;
			files = (
				E36DA98A27DDBC5000EA9832 /* LaunchScreen.storyboard in Resources */,
				E36DA98727DDBC5000EA9832 /* Assets.xcassets in Resources */,
				E36DA98527DDBC4F00EA9832 /* Main.storyboard in Resources */,
			);
			runOnlyForDeploymentPostprocessing = 0;
		};
/* End PBXResourcesBuildPhase section */

/* Begin PBXSourcesBuildPhase section */
		E36DA97627DDBC4F00EA9832 /* Sources */ = {
			isa = PBXSourcesBuildPhase;
			buildActionMask = 2147483647;
			files = (
				E36DA98227DDBC4F00EA9832 /* ViewController.swift in Sources */,
				E36DA99827DDC62F00EA9832 /* WriteDiaryViewController.swift in Sources */,
				E36DA99627DDC3DB00EA9832 /* StarCell.swift in Sources */,
				E36DA97E27DDBC4F00EA9832 /* AppDelegate.swift in Sources */,
				E36DA98027DDBC4F00EA9832 /* SceneDelegate.swift in Sources */,
				E36DA99C27DDDA5000EA9832 /* Diary.swift in Sources */,
				E36DA99A27DDC9C700EA9832 /* DiaryDetailViewController.swift in Sources */,
				E36DA99227DDC25600EA9832 /* DiaryCell.swift in Sources */,
				E36DA99427DDC28F00EA9832 /* StarViewController.swift in Sources */,
			);
			runOnlyForDeploymentPostprocessing = 0;
		};
/* End PBXSourcesBuildPhase section */

/* Begin PBXVariantGroup section */
		E36DA98327DDBC4F00EA9832 /* Main.storyboard */ = {
			isa = PBXVariantGroup;
			children = (
				E36DA98427DDBC4F00EA9832 /* Base */,
			);
			name = Main.storyboard;
			sourceTree = "<group>";
		};
		E36DA98827DDBC5000EA9832 /* LaunchScreen.storyboard */ = {
			isa = PBXVariantGroup;
			children = (
				E36DA98927DDBC5000EA9832 /* Base */,
			);
			name = LaunchScreen.storyboard;
			sourceTree = "<group>";
		};
/* End PBXVariantGroup section */

/* Begin XCBuildConfiguration section */
		E36DA98C27DDBC5000EA9832 /* Debug */ = {
			isa = XCBuildConfiguration;
			buildSettings = {
				ALWAYS_SEARCH_USER_PATHS = NO;
				CLANG_ANALYZER_NONNULL = YES;
				CLANG_ANALYZER_NUMBER_OBJECT_CONVERSION = YES_AGGRESSIVE;
				CLANG_CXX_LANGUAGE_STANDARD = "gnu++17";
				CLANG_CXX_LIBRARY = "libc++";
				CLANG_ENABLE_MODULES = YES;
				CLANG_ENABLE_OBJC_ARC = YES;
				CLANG_ENABLE_OBJC_WEAK = YES;
				CLANG_WARN_BLOCK_CAPTURE_AUTORELEASING = YES;
				CLANG_WARN_BOOL_CONVERSION = YES;
				CLANG_WARN_COMMA = YES;
				CLANG_WARN_CONSTANT_CONVERSION = YES;
				CLANG_WARN_DEPRECATED_OBJC_IMPLEMENTATIONS = YES;
				CLANG_WARN_DIRECT_OBJC_ISA_USAGE = YES_ERROR;
				CLANG_WARN_DOCUMENTATION_COMMENTS = YES;
				CLANG_WARN_EMPTY_BODY = YES;
				CLANG_WARN_ENUM_CONVERSION = YES;
				CLANG_WARN_INFINITE_RECURSION = YES;
				CLANG_WARN_INT_CONVERSION = YES;
				CLANG_WARN_NON_LITERAL_NULL_CONVERSION = YES;
				CLANG_WARN_OBJC_IMPLICIT_RETAIN_SELF = YES;
				CLANG_WARN_OBJC_LITERAL_CONVERSION = YES;
				CLANG_WARN_OBJC_ROOT_CLASS = YES_ERROR;
				CLANG_WARN_QUOTED_INCLUDE_IN_FRAMEWORK_HEADER = YES;
				CLANG_WARN_RANGE_LOOP_ANALYSIS = YES;
				CLANG_WARN_STRICT_PROTOTYPES = YES;
				CLANG_WARN_SUSPICIOUS_MOVE = YES;
				CLANG_WARN_UNGUARDED_AVAILABILITY = YES_AGGRESSIVE;
				CLANG_WARN_UNREACHABLE_CODE = YES;
				CLANG_WARN__DUPLICATE_METHOD_MATCH = YES;
				COPY_PHASE_STRIP = NO;
				DEBUG_INFORMATION_FORMAT = dwarf;
				ENABLE_STRICT_OBJC_MSGSEND = YES;
				ENABLE_TESTABILITY = YES;
				GCC_C_LANGUAGE_STANDARD = gnu11;
				GCC_DYNAMIC_NO_PIC = NO;
				GCC_NO_COMMON_BLOCKS = YES;
				GCC_OPTIMIZATION_LEVEL = 0;
				GCC_PREPROCESSOR_DEFINITIONS = (
					"DEBUG=1",
					"$(inherited)",
				);
				GCC_WARN_64_TO_32_BIT_CONVERSION = YES;
				GCC_WARN_ABOUT_RETURN_TYPE = YES_ERROR;
				GCC_WARN_UNDECLARED_SELECTOR = YES;
				GCC_WARN_UNINITIALIZED_AUTOS = YES_AGGRESSIVE;
				GCC_WARN_UNUSED_FUNCTION = YES;
				GCC_WARN_UNUSED_VARIABLE = YES;
				IPHONEOS_DEPLOYMENT_TARGET = 15.2;
				MTL_ENABLE_DEBUG_INFO = INCLUDE_SOURCE;
				MTL_FAST_MATH = YES;
				ONLY_ACTIVE_ARCH = YES;
				SDKROOT = iphoneos;
				SWIFT_ACTIVE_COMPILATION_CONDITIONS = DEBUG;
				SWIFT_OPTIMIZATION_LEVEL = "-Onone";
			};
			name = Debug;
		};
		E36DA98D27DDBC5000EA9832 /* Release */ = {
			isa = XCBuildConfiguration;
			buildSettings = {
				ALWAYS_SEARCH_USER_PATHS = NO;
				CLANG_ANALYZER_NONNULL = YES;
				CLANG_ANALYZER_NUMBER_OBJECT_CONVERSION = YES_AGGRESSIVE;
				CLANG_CXX_LANGUAGE_STANDARD = "gnu++17";
				CLANG_CXX_LIBRARY = "libc++";
				CLANG_ENABLE_MODULES = YES;
				CLANG_ENABLE_OBJC_ARC = YES;
				CLANG_ENABLE_OBJC_WEAK = YES;
				CLANG_WARN_BLOCK_CAPTURE_AUTORELEASING = YES;
				CLANG_WARN_BOOL_CONVERSION = YES;
				CLANG_WARN_COMMA = YES;
				CLANG_WARN_CONSTANT_CONVERSION = YES;
				CLANG_WARN_DEPRECATED_OBJC_IMPLEMENTATIONS = YES;
				CLANG_WARN_DIRECT_OBJC_ISA_USAGE = YES_ERROR;
				CLANG_WARN_DOCUMENTATION_COMMENTS = YES;
				CLANG_WARN_EMPTY_BODY = YES;
				CLANG_WARN_ENUM_CONVERSION = YES;
				CLANG_WARN_INFINITE_RECURSION = YES;
				CLANG_WARN_INT_CONVERSION = YES;
				CLANG_WARN_NON_LITERAL_NULL_CONVERSION = YES;
				CLANG_WARN_OBJC_IMPLICIT_RETAIN_SELF = YES;
				CLANG_WARN_OBJC_LITERAL_CONVERSION = YES;
				CLANG_WARN_OBJC_ROOT_CLASS = YES_ERROR;
				CLANG_WARN_QUOTED_INCLUDE_IN_FRAMEWORK_HEADER = YES;
				CLANG_WARN_RANGE_LOOP_ANALYSIS = YES;
				CLANG_WARN_STRICT_PROTOTYPES = YES;
				CLANG_WARN_SUSPICIOUS_MOVE = YES;
				CLANG_WARN_UNGUARDED_AVAILABILITY = YES_AGGRESSIVE;
				CLANG_WARN_UNREACHABLE_CODE = YES;
				CLANG_WARN__DUPLICATE_METHOD_MATCH = YES;
				COPY_PHASE_STRIP = NO;
				DEBUG_INFORMATION_FORMAT = "dwarf-with-dsym";
				ENABLE_NS_ASSERTIONS = NO;
				ENABLE_STRICT_OBJC_MSGSEND = YES;
				GCC_C_LANGUAGE_STANDARD = gnu11;
				GCC_NO_COMMON_BLOCKS = YES;
				GCC_WARN_64_TO_32_BIT_CONVERSION = YES;
				GCC_WARN_ABOUT_RETURN_TYPE = YES_ERROR;
				GCC_WARN_UNDECLARED_SELECTOR = YES;
				GCC_WARN_UNINITIALIZED_AUTOS = YES_AGGRESSIVE;
				GCC_WARN_UNUSED_FUNCTION = YES;
				GCC_WARN_UNUSED_VARIABLE = YES;
				IPHONEOS_DEPLOYMENT_TARGET = 15.2;
				MTL_ENABLE_DEBUG_INFO = NO;
				MTL_FAST_MATH = YES;
				SDKROOT = iphoneos;
				SWIFT_COMPILATION_MODE = wholemodule;
				SWIFT_OPTIMIZATION_LEVEL = "-O";
				VALIDATE_PRODUCT = YES;
			};
			name = Release;
		};
		E36DA98F27DDBC5000EA9832 /* Debug */ = {
			isa = XCBuildConfiguration;
			buildSettings = {
				ASSETCATALOG_COMPILER_APPICON_NAME = AppIcon;
				ASSETCATALOG_COMPILER_GLOBAL_ACCENT_COLOR_NAME = AccentColor;
				CODE_SIGN_STYLE = Automatic;
				CURRENT_PROJECT_VERSION = 1;
				DEVELOPMENT_TEAM = DD4UBSQHA8;
				GENERATE_INFOPLIST_FILE = YES;
				INFOPLIST_FILE = Diary/Info.plist;
				INFOPLIST_KEY_UIApplicationSupportsIndirectInputEvents = YES;
				INFOPLIST_KEY_UILaunchStoryboardName = LaunchScreen;
				INFOPLIST_KEY_UIMainStoryboardFile = Main;
				INFOPLIST_KEY_UISupportedInterfaceOrientations_iPad = "UIInterfaceOrientationPortrait UIInterfaceOrientationPortraitUpsideDown UIInterfaceOrientationLandscapeLeft UIInterfaceOrientationLandscapeRight";
				INFOPLIST_KEY_UISupportedInterfaceOrientations_iPhone = "UIInterfaceOrientationPortrait UIInterfaceOrientationLandscapeLeft UIInterfaceOrientationLandscapeRight";
				LD_RUNPATH_SEARCH_PATHS = (
					"$(inherited)",
					"@executable_path/Frameworks",
				);
				MARKETING_VERSION = 1.0;
				PRODUCT_BUNDLE_IDENTIFIER = linerlin.Diary;
				PRODUCT_NAME = "$(TARGET_NAME)";
				SWIFT_EMIT_LOC_STRINGS = YES;
				SWIFT_VERSION = 5.0;
				TARGETED_DEVICE_FAMILY = "1,2";
			};
			name = Debug;
		};
		E36DA99027DDBC5000EA9832 /* Release */ = {
			isa = XCBuildConfiguration;
			buildSettings = {
				ASSETCATALOG_COMPILER_APPICON_NAME = AppIcon;
				ASSETCATALOG_COMPILER_GLOBAL_ACCENT_COLOR_NAME = AccentColor;
				CODE_SIGN_STYLE = Automatic;
				CURRENT_PROJECT_VERSION = 1;
				DEVELOPMENT_TEAM = DD4UBSQHA8;
				GENERATE_INFOPLIST_FILE = YES;
				INFOPLIST_FILE = Diary/Info.plist;
				INFOPLIST_KEY_UIApplicationSupportsIndirectInputEvents = YES;
				INFOPLIST_KEY_UILaunchStoryboardName = LaunchScreen;
				INFOPLIST_KEY_UIMainStoryboardFile = Main;
				INFOPLIST_KEY_UISupportedInterfaceOrientations_iPad = "UIInterfaceOrientationPortrait UIInterfaceOrientationPortraitUpsideDown UIInterfaceOrientationLandscapeLeft UIInterfaceOrientationLandscapeRight";
				INFOPLIST_KEY_UISupportedInterfaceOrientations_iPhone = "UIInterfaceOrientationPortrait UIInterfaceOrientationLandscapeLeft UIInterfaceOrientationLandscapeRight";
				LD_RUNPATH_SEARCH_PATHS = (
					"$(inherited)",
					"@executable_path/Frameworks",
				);
				MARKETING_VERSION = 1.0;
				PRODUCT_BUNDLE_IDENTIFIER = linerlin.Diary;
				PRODUCT_NAME = "$(TARGET_NAME)";
				SWIFT_EMIT_LOC_STRINGS = YES;
				SWIFT_VERSION = 5.0;
				TARGETED_DEVICE_FAMILY = "1,2";
			};
			name = Release;
		};
/* End XCBuildConfiguration section */

/* Begin XCConfigurationList section */
		E36DA97527DDBC4F00EA9832 /* Build configuration list for PBXProject "Diary" */ = {
			isa = XCConfigurationList;
			buildConfigurations = (
				E36DA98C27DDBC5000EA9832 /* Debug */,
				E36DA98D27DDBC5000EA9832 /* Release */,
			);
			defaultConfigurationIsVisible = 0;
			defaultConfigurationName = Release;
		};
		E36DA98E27DDBC5000EA9832 /* Build configuration list for PBXNativeTarget "Diary" */ = {
			isa = XCConfigurationList;
			buildConfigurations = (
				E36DA98F27DDBC5000EA9832 /* Debug */,
				E36DA99027DDBC5000EA9832 /* Release */,
			);
			defaultConfigurationIsVisible = 0;
			defaultConfigurationName = Release;
		};
/* End XCConfigurationList section */
	};
	rootObject = E36DA97227DDBC4F00EA9832 /* Project object */;
}
